
Microsoft Visual Studio Solution File, Format Version 12.00
# Visual Studio Version 16
VisualStudioVersion = 16.0.31229.75
MinimumVisualStudioVersion = 10.0.40219.1
Project("{9A19103F-16F7-4668-BE54-9A1E7A4F7556}") = "Ollie", "Ollie\Ollie.csproj", "{ED1FD149-DDD1-47F8-942D-E9D777CE11B6}"
EndProject
Global
	GlobalSection(SolutionConfigurationPlatforms) = preSolution
		Debug|Any CPU = Debug|Any CPU
		Release|Any CPU = Release|Any CPU
	EndGlobalSection
	GlobalSection(ProjectConfigurationPlatforms) = postSolution
		{ED1FD149-DDD1-47F8-942D-E9D777CE11B6}.Debug|Any CPU.ActiveCfg = Debug|Any CPU
		{ED1FD149-DDD1-47F8-942D-E9D777CE11B6}.Debug|Any CPU.Build.0 = Debug|Any CPU
		{ED1FD149-DDD1-47F8-942D-E9D777CE11B6}.Release|Any CPU.ActiveCfg = Release|Any CPU
		{ED1FD149-DDD1-47F8-942D-E9D777CE11B6}.Release|Any CPU.Build.0 = Release|Any CPU
	EndGlobalSection
	GlobalSection(SolutionProperties) = preSolution
		HideSolutionNode = FALSE
	EndGlobalSection
	GlobalSection(ExtensibilityGlobals) = postSolution
		SolutionGuid = {65EDE9D7-5540-4D65-80F9-1028A7AA2A25}
	EndGlobalSection
EndGlobal
